// !$*UTF8*$!
{
	archiveVersion = 1;
	classes = {
	};
	objectVersion = 77;
	objects = {

/* Begin PBXContainerItemProxy section */
		5F1CED7F2D76830300CB57C4 /* PBXContainerItemProxy */ = {
			isa = PBXContainerItemProxy;
			containerPortal = 5F1CED652D7682FF00CB57C4 /* Project object */;
			proxyType = 1;
			remoteGlobalIDString = 5F1CED6C2D7682FF00CB57C4;
			remoteInfo = DesktopQuotes;
		};
		5F1CED892D76830300CB57C4 /* PBXContainerItemProxy */ = {
			isa = PBXContainerItemProxy;
			containerPortal = 5F1CED652D7682FF00CB57C4 /* Project object */;
			proxyType = 1;
			remoteGlobalIDString = 5F1CED6C2D7682FF00CB57C4;
			remoteInfo = DesktopQuotes;
		};
/* End PBXContainerItemProxy section */

/* Begin PBXFileReference section */
		5F1CED6D2D7682FF00CB57C4 /* DesktopQuotes.app */ = {isa = PBXFileReference; explicitFileType = wrapper.application; includeInIndex = 0; path = DesktopQuotes.app; sourceTree = BUILT_PRODUCTS_DIR; };
		5F1CED7E2D76830300CB57C4 /* DesktopQuotesTests.xctest */ = {isa = PBXFileReference; explicitFileType = wrapper.cfbundle; includeInIndex = 0; path = DesktopQuotesTests.xctest; sourceTree = BUILT_PRODUCTS_DIR; };
		5F1CED882D76830300CB57C4 /* DesktopQuotesUITests.xctest */ = {isa = PBXFileReference; explicitFileType = wrapper.cfbundle; includeInIndex = 0; path = DesktopQuotesUITests.xctest; sourceTree = BUILT_PRODUCTS_DIR; };
/* End PBXFileReference section */

/* Begin PBXFileSystemSynchronizedRootGroup section */
		5F1CED6F2D7682FF00CB57C4 /* DesktopQuotes */ = {
			isa = PBXFileSystemSynchronizedRootGroup;
			path = DesktopQuotes;
			sourceTree = "<group>";
		};
		5F1CED812D76830300CB57C4 /* DesktopQuotesTests */ = {
			isa = PBXFileSystemSynchronizedRootGroup;
			path = DesktopQuotesTests;
			sourceTree = "<group>";
		};
		5F1CED8B2D76830300CB57C4 /* DesktopQuotesUITests */ = {
			isa = PBXFileSystemSynchronizedRootGroup;
			path = DesktopQuotesUITests;
			sourceTree = "<group>";
		};
/* End PBXFileSystemSynchronizedRootGroup section */

/* Begin PBXFrameworksBuildPhase section */
		5F1CED6A2D7682FF00CB57C4 /* Frameworks */ = {
			isa = PBXFrameworksBuildPhase;
			buildActionMask = 2147483647;
			files = (
			);
			runOnlyForDeploymentPostprocessing = 0;
		};
		5F1CED7B2D76830300CB57C4 /* Frameworks */ = {
			isa = PBXFrameworksBuildPhase;
			buildActionMask = 2147483647;
			files = (
			);
			runOnlyForDeploymentPostprocessing = 0;
		};
		5F1CED852D76830300CB57C4 /* Frameworks */ = {
			isa = PBXFrameworksBuildPhase;
			buildActionMask = 2147483647;
			files = (
			);
			runOnlyForDeploymentPostprocessing = 0;
		};
/* End PBXFrameworksBuildPhase section */

/* Begin PBXGroup section */
		5F1CED642D7682FF00CB57C4 = {
			isa = PBXGroup;
			children = (
				5F1CED6F2D7682FF00CB57C4 /* DesktopQuotes */,
				5F1CED812D76830300CB57C4 /* DesktopQuotesTests */,
				5F1CED8B2D76830300CB57C4 /* DesktopQuotesUITests */,
				5F1CED6E2D7682FF00CB57C4 /* Products */,
			);
			sourceTree = "<group>";
		};
		5F1CED6E2D7682FF00CB57C4 /* Products */ = {
			isa = PBXGroup;
			children = (
				5F1CED6D2D7682FF00CB57C4 /* DesktopQuotes.app */,
				5F1CED7E2D76830300CB57C4 /* DesktopQuotesTests.xctest */,
				5F1CED882D76830300CB57C4 /* DesktopQuotesUITests.xctest */,
			);
			name = Products;
			sourceTree = "<group>";
		};
/* End PBXGroup section */

/* Begin PBXNativeTarget section */
		5F1CED6C2D7682FF00CB57C4 /* DesktopQuotes */ = {
			isa = PBXNativeTarget;
			buildConfigurationList = 5F1CED922D76830300CB57C4 /* Build configuration list for PBXNativeTarget "DesktopQuotes" */;
			buildPhases = (
				5F1CED692D7682FF00CB57C4 /* Sources */,
				5F1CED6A2D7682FF00CB57C4 /* Frameworks */,
				5F1CED6B2D7682FF00CB57C4 /* Resources */,
			);
			buildRules = (
			);
			dependencies = (
			);
			fileSystemSynchronizedGroups = (
				5F1CED6F2D7682FF00CB57C4 /* DesktopQuotes */,
			);
			name = DesktopQuotes;
			packageProductDependencies = (
			);
			productName = DesktopQuotes;
			productReference = 5F1CED6D2D7682FF00CB57C4 /* DesktopQuotes.app */;
			productType = "com.apple.product-type.application";
		};
		5F1CED7D2D76830300CB57C4 /* DesktopQuotesTests */ = {
			isa = PBXNativeTarget;
			buildConfigurationList = 5F1CED952D76830300CB57C4 /* Build configuration list for PBXNativeTarget "DesktopQuotesTests" */;
			buildPhases = (
				5F1CED7A2D76830300CB57C4 /* Sources */,
				5F1CED7B2D76830300CB57C4 /* Frameworks */,
				5F1CED7C2D76830300CB57C4 /* Resources */,
			);
			buildRules = (
			);
			dependencies = (
				5F1CED802D76830300CB57C4 /* PBXTargetDependency */,
			);
			fileSystemSynchronizedGroups = (
				5F1CED812D76830300CB57C4 /* DesktopQuotesTests */,
			);
			name = DesktopQuotesTests;
			packageProductDependencies = (
			);
			productName = DesktopQuotesTests;
			productReference = 5F1CED7E2D76830300CB57C4 /* DesktopQuotesTests.xctest */;
			productType = "com.apple.product-type.bundle.unit-test";
		};
		5F1CED872D76830300CB57C4 /* DesktopQuotesUITests */ = {
			isa = PBXNativeTarget;
			buildConfigurationList = 5F1CED982D76830300CB57C4 /* Build configuration list for PBXNativeTarget "DesktopQuotesUITests" */;
			buildPhases = (
				5F1CED842D76830300CB57C4 /* Sources */,
				5F1CED852D76830300CB57C4 /* Frameworks */,
				5F1CED862D76830300CB57C4 /* Resources */,
			);
			buildRules = (
			);
			dependencies = (
				5F1CED8A2D76830300CB57C4 /* PBXTargetDependency */,
			);
			fileSystemSynchronizedGroups = (
				5F1CED8B2D76830300CB57C4 /* DesktopQuotesUITests */,
			);
			name = DesktopQuotesUITests;
			packageProductDependencies = (
			);
			productName = DesktopQuotesUITests;
			productReference = 5F1CED882D76830300CB57C4 /* DesktopQuotesUITests.xctest */;
			productType = "com.apple.product-type.bundle.ui-testing";
		};
/* End PBXNativeTarget section */

/* Begin PBXProject section */
		5F1CED652D7682FF00CB57C4 /* Project object */ = {
			isa = PBXProject;
			attributes = {
				BuildIndependentTargetsInParallel = 1;
				LastSwiftUpdateCheck = 1620;
				LastUpgradeCheck = 1620;
				TargetAttributes = {
					5F1CED6C2D7682FF00CB57C4 = {
						CreatedOnToolsVersion = 16.2;
					};
					5F1CED7D2D76830300CB57C4 = {
						CreatedOnToolsVersion = 16.2;
						TestTargetID = 5F1CED6C2D7682FF00CB57C4;
					};
					5F1CED872D76830300CB57C4 = {
						CreatedOnToolsVersion = 16.2;
						TestTargetID = 5F1CED6C2D7682FF00CB57C4;
					};
				};
			};
			buildConfigurationList = 5F1CED682D7682FF00CB57C4 /* Build configuration list for PBXProject "DesktopQuotes" */;
			developmentRegion = en;
			hasScannedForEncodings = 0;
			knownRegions = (
				en,
				Base,
			);
			mainGroup = 5F1CED642D7682FF00CB57C4;
			minimizedProjectReferenceProxies = 1;
			preferredProjectObjectVersion = 77;
			productRefGroup = 5F1CED6E2D7682FF00CB57C4 /* Products */;
			projectDirPath = "";
			projectRoot = "";
			targets = (
				5F1CED6C2D7682FF00CB57C4 /* DesktopQuotes */,
				5F1CED7D2D76830300CB57C4 /* DesktopQuotesTests */,
				5F1CED872D76830300CB57C4 /* DesktopQuotesUITests */,
			);
		};
/* End PBXProject section */

/* Begin PBXResourcesBuildPhase section */
		5F1CED6B2D7682FF00CB57C4 /* Resources */ = {
			isa = PBXResourcesBuildPhase;
			buildActionMask = 2147483647;
			files = (
			);
			runOnlyForDeploymentPostprocessing = 0;
		};
		5F1CED7C2D76830300CB57C4 /* Resources */ = {
			isa = PBXResourcesBuildPhase;
			buildActionMask = 2147483647;
			files = (
			);
			runOnlyForDeploymentPostprocessing = 0;
		};
		5F1CED862D76830300CB57C4 /* Resources */ = {
			isa = PBXResourcesBuildPhase;
			buildActionMask = 2147483647;
			files = (
			);
			runOnlyForDeploymentPostprocessing = 0;
		};
/* End PBXResourcesBuildPhase section */

/* Begin PBXSourcesBuildPhase section */
		5F1CED692D7682FF00CB57C4 /* Sources */ = {
			isa = PBXSourcesBuildPhase;
			buildActionMask = 2147483647;
			files = (
			);
			runOnlyForDeploymentPostprocessing = 0;
		};
		5F1CED7A2D76830300CB57C4 /* Sources */ = {
			isa = PBXSourcesBuildPhase;
			buildActionMask = 2147483647;
			files = (
			);
			runOnlyForDeploymentPostprocessing = 0;
		};
		5F1CED842D76830300CB57C4 /* Sources */ = {
			isa = PBXSourcesBuildPhase;
			buildActionMask = 2147483647;
			files = (
			);
			runOnlyForDeploymentPostprocessing = 0;
		};
/* End PBXSourcesBuildPhase section */

/* Begin PBXTargetDependency section */
		5F1CED802D76830300CB57C4 /* PBXTargetDependency */ = {
			isa = PBXTargetDependency;
			target = 5F1CED6C2D7682FF00CB57C4 /* DesktopQuotes */;
			targetProxy = 5F1CED7F2D76830300CB57C4 /* PBXContainerItemProxy */;
		};
		5F1CED8A2D76830300CB57C4 /* PBXTargetDependency */ = {
			isa = PBXTargetDependency;
			target = 5F1CED6C2D7682FF00CB57C4 /* DesktopQuotes */;
			targetProxy = 5F1CED892D76830300CB57C4 /* PBXContainerItemProxy */;
		};
/* End PBXTargetDependency section */

/* Begin XCBuildConfiguration section */
		5F1CED902D76830300CB57C4 /* Debug */ = {
			isa = XCBuildConfiguration;
			buildSettings = {
				ALWAYS_SEARCH_USER_PATHS = NO;
				ASSETCATALOG_COMPILER_GENERATE_SWIFT_ASSET_SYMBOL_EXTENSIONS = YES;
				CLANG_ANALYZER_NONNULL = YES;
				CLANG_ANALYZER_NUMBER_OBJECT_CONVERSION = YES_AGGRESSIVE;
				CLANG_CXX_LANGUAGE_STANDARD = "gnu++20";
				CLANG_ENABLE_MODULES = YES;
				CLANG_ENABLE_OBJC_ARC = YES;
				CLANG_ENABLE_OBJC_WEAK = YES;
				CLANG_WARN_BLOCK_CAPTURE_AUTORELEASING = YES;
				CLANG_WARN_BOOL_CONVERSION = YES;
				CLANG_WARN_COMMA = YES;
				CLANG_WARN_CONSTANT_CONVERSION = YES;
				CLANG_WARN_DEPRECATED_OBJC_IMPLEMENTATIONS = YES;
				CLANG_WARN_DIRECT_OBJC_ISA_USAGE = YES_ERROR;
				CLANG_WARN_DOCUMENTATION_COMMENTS = YES;
				CLANG_WARN_EMPTY_BODY = YES;
				CLANG_WARN_ENUM_CONVERSION = YES;
				CLANG_WARN_INFINITE_RECURSION = YES;
				CLANG_WARN_INT_CONVERSION = YES;
				CLANG_WARN_NON_LITERAL_NULL_CONVERSION = YES;
				CLANG_WARN_OBJC_IMPLICIT_RETAIN_SELF = YES;
				CLANG_WARN_OBJC_LITERAL_CONVERSION = YES;
				CLANG_WARN_OBJC_ROOT_CLASS = YES_ERROR;
				CLANG_WARN_QUOTED_INCLUDE_IN_FRAMEWORK_HEADER = YES;
				CLANG_WARN_RANGE_LOOP_ANALYSIS = YES;
				CLANG_WARN_STRICT_PROTOTYPES = YES;
				CLANG_WARN_SUSPICIOUS_MOVE = YES;
				CLANG_WARN_UNGUARDED_AVAILABILITY = YES_AGGRESSIVE;
				CLANG_WARN_UNREACHABLE_CODE = YES;
				CLANG_WARN__DUPLICATE_METHOD_MATCH = YES;
				COPY_PHASE_STRIP = NO;
				DEBUG_INFORMATION_FORMAT = dwarf;
				ENABLE_STRICT_OBJC_MSGSEND = YES;
				ENABLE_TESTABILITY = YES;
				ENABLE_USER_SCRIPT_SANDBOXING = YES;
				GCC_C_LANGUAGE_STANDARD = gnu17;
				GCC_DYNAMIC_NO_PIC = NO;
				GCC_NO_COMMON_BLOCKS = YES;
				GCC_OPTIMIZATION_LEVEL = 0;
				GCC_PREPROCESSOR_DEFINITIONS = (
					"DEBUG=1",
					"$(inherited)",
				);
				GCC_WARN_64_TO_32_BIT_CONVERSION = YES;
				GCC_WARN_ABOUT_RETURN_TYPE = YES_ERROR;
				GCC_WARN_UNDECLARED_SELECTOR = YES;
				GCC_WARN_UNINITIALIZED_AUTOS = YES_AGGRESSIVE;
				GCC_WARN_UNUSED_FUNCTION = YES;
				GCC_WARN_UNUSED_VARIABLE = YES;
				LOCALIZATION_PREFERS_STRING_CATALOGS = YES;
				MACOSX_DEPLOYMENT_TARGET = 15.2;
				MTL_ENABLE_DEBUG_INFO = INCLUDE_SOURCE;
				MTL_FAST_MATH = YES;
				ONLY_ACTIVE_ARCH = YES;
				SDKROOT = macosx;
				SWIFT_ACTIVE_COMPILATION_CONDITIONS = "DEBUG $(inherited)";
				SWIFT_OPTIMIZATION_LEVEL = "-Onone";
			};
			name = Debug;
		};
		5F1CED912D76830300CB57C4 /* Release */ = {
			isa = XCBuildConfiguration;
			buildSettings = {
				ALWAYS_SEARCH_USER_PATHS = NO;
				ASSETCATALOG_COMPILER_GENERATE_SWIFT_ASSET_SYMBOL_EXTENSIONS = YES;
				CLANG_ANALYZER_NONNULL = YES;
				CLANG_ANALYZER_NUMBER_OBJECT_CONVERSION = YES_AGGRESSIVE;
				CLANG_CXX_LANGUAGE_STANDARD = "gnu++20";
				CLANG_ENABLE_MODULES = YES;
				CLANG_ENABLE_OBJC_ARC = YES;
				CLANG_ENABLE_OBJC_WEAK = YES;
				CLANG_WARN_BLOCK_CAPTURE_AUTORELEASING = YES;
				CLANG_WARN_BOOL_CONVERSION = YES;
				CLANG_WARN_COMMA = YES;
				CLANG_WARN_CONSTANT_CONVERSION = YES;
				CLANG_WARN_DEPRECATED_OBJC_IMPLEMENTATIONS = YES;
				CLANG_WARN_DIRECT_OBJC_ISA_USAGE = YES_ERROR;
				CLANG_WARN_DOCUMENTATION_COMMENTS = YES;
				CLANG_WARN_EMPTY_BODY = YES;
				CLANG_WARN_ENUM_CONVERSION = YES;
				CLANG_WARN_INFINITE_RECURSION = YES;
				CLANG_WARN_INT_CONVERSION = YES;
				CLANG_WARN_NON_LITERAL_NULL_CONVERSION = YES;
				CLANG_WARN_OBJC_IMPLICIT_RETAIN_SELF = YES;
				CLANG_WARN_OBJC_LITERAL_CONVERSION = YES;
				CLANG_WARN_OBJC_ROOT_CLASS = YES_ERROR;
				CLANG_WARN_QUOTED_INCLUDE_IN_FRAMEWORK_HEADER = YES;
				CLANG_WARN_RANGE_LOOP_ANALYSIS = YES;
				CLANG_WARN_STRICT_PROTOTYPES = YES;
				CLANG_WARN_SUSPICIOUS_MOVE = YES;
				CLANG_WARN_UNGUARDED_AVAILABILITY = YES_AGGRESSIVE;
				CLANG_WARN_UNREACHABLE_CODE = YES;
				CLANG_WARN__DUPLICATE_METHOD_MATCH = YES;
				COPY_PHASE_STRIP = NO;
				DEBUG_INFORMATION_FORMAT = "dwarf-with-dsym";
				ENABLE_NS_ASSERTIONS = NO;
				ENABLE_STRICT_OBJC_MSGSEND = YES;
				ENABLE_USER_SCRIPT_SANDBOXING = YES;
				GCC_C_LANGUAGE_STANDARD = gnu17;
				GCC_NO_COMMON_BLOCKS = YES;
				GCC_WARN_64_TO_32_BIT_CONVERSION = YES;
				GCC_WARN_ABOUT_RETURN_TYPE = YES_ERROR;
				GCC_WARN_UNDECLARED_SELECTOR = YES;
				GCC_WARN_UNINITIALIZED_AUTOS = YES_AGGRESSIVE;
				GCC_WARN_UNUSED_FUNCTION = YES;
				GCC_WARN_UNUSED_VARIABLE = YES;
				LOCALIZATION_PREFERS_STRING_CATALOGS = YES;
				MACOSX_DEPLOYMENT_TARGET = 15.2;
				MTL_ENABLE_DEBUG_INFO = NO;
				MTL_FAST_MATH = YES;
				SDKROOT = macosx;
				SWIFT_COMPILATION_MODE = wholemodule;
			};
			name = Release;
		};
		5F1CED932D76830300CB57C4 /* Debug */ = {
			isa = XCBuildConfiguration;
			buildSettings = {
				ASSETCATALOG_COMPILER_APPICON_NAME = AppIcon;
				ASSETCATALOG_COMPILER_GLOBAL_ACCENT_COLOR_NAME = AccentColor;
				CODE_SIGN_ENTITLEMENTS = DesktopQuotes/DesktopQuotes.entitlements;
				CODE_SIGN_STYLE = Automatic;
				COMBINE_HIDPI_IMAGES = YES;
				CURRENT_PROJECT_VERSION = 1;
				DEVELOPMENT_ASSET_PATHS = "\"DesktopQuotes/Preview Content\"";
				ENABLE_PREVIEWS = YES;
				GENERATE_INFOPLIST_FILE = YES;
				INFOPLIST_KEY_NSHumanReadableCopyright = "";
				LD_RUNPATH_SEARCH_PATHS = (
					"$(inherited)",
					"@executable_path/../Frameworks",
				);
				MARKETING_VERSION = 1.0;
				PRODUCT_BUNDLE_IDENTIFIER = darien.DesktopQuotes;
				PRODUCT_NAME = "$(TARGET_NAME)";
				SWIFT_EMIT_LOC_STRINGS = YES;
				SWIFT_VERSION = 5.0;
			};
			name = Debug;
		};
		5F1CED942D76830300CB57C4 /* Release */ = {
			isa = XCBuildConfiguration;
			buildSettings = {
				ASSETCATALOG_COMPILER_APPICON_NAME = AppIcon;
				ASSETCATALOG_COMPILER_GLOBAL_ACCENT_COLOR_NAME = AccentColor;
				CODE_SIGN_ENTITLEMENTS = DesktopQuotes/DesktopQuotes.entitlements;
				CODE_SIGN_STYLE = Automatic;
				COMBINE_HIDPI_IMAGES = YES;
				CURRENT_PROJECT_VERSION = 1;
				DEVELOPMENT_ASSET_PATHS = "\"DesktopQuotes/Preview Content\"";
				ENABLE_PREVIEWS = YES;
				GENERATE_INFOPLIST_FILE = YES;
				INFOPLIST_KEY_NSHumanReadableCopyright = "";
				LD_RUNPATH_SEARCH_PATHS = (
					"$(inherited)",
					"@executable_path/../Frameworks",
				);
				MARKETING_VERSION = 1.0;
				PRODUCT_BUNDLE_IDENTIFIER = darien.DesktopQuotes;
				PRODUCT_NAME = "$(TARGET_NAME)";
				SWIFT_EMIT_LOC_STRINGS = YES;
				SWIFT_VERSION = 5.0;
			};
			name = Release;
		};
		5F1CED962D76830300CB57C4 /* Debug */ = {
			isa = XCBuildConfiguration;
			buildSettings = {
				BUNDLE_LOADER = "$(TEST_HOST)";
				CODE_SIGN_STYLE = Automatic;
				CURRENT_PROJECT_VERSION = 1;
				GENERATE_INFOPLIST_FILE = YES;
				MACOSX_DEPLOYMENT_TARGET = 15.2;
				MARKETING_VERSION = 1.0;
				PRODUCT_BUNDLE_IDENTIFIER = darien.DesktopQuotesTests;
				PRODUCT_NAME = "$(TARGET_NAME)";
				SWIFT_EMIT_LOC_STRINGS = NO;
				SWIFT_VERSION = 5.0;
				TEST_HOST = "$(BUILT_PRODUCTS_DIR)/DesktopQuotes.app/$(BUNDLE_EXECUTABLE_FOLDER_PATH)/DesktopQuotes";
			};
			name = Debug;
		};
		5F1CED972D76830300CB57C4 /* Release */ = {
			isa = XCBuildConfiguration;
			buildSettings = {
				BUNDLE_LOADER = "$(TEST_HOST)";
				CODE_SIGN_STYLE = Automatic;
				CURRENT_PROJECT_VERSION = 1;
				GENERATE_INFOPLIST_FILE = YES;
				MACOSX_DEPLOYMENT_TARGET = 15.2;
				MARKETING_VERSION = 1.0;
				PRODUCT_BUNDLE_IDENTIFIER = darien.DesktopQuotesTests;
				PRODUCT_NAME = "$(TARGET_NAME)";
				SWIFT_EMIT_LOC_STRINGS = NO;
				SWIFT_VERSION = 5.0;
				TEST_HOST = "$(BUILT_PRODUCTS_DIR)/DesktopQuotes.app/$(BUNDLE_EXECUTABLE_FOLDER_PATH)/DesktopQuotes";
			};
			name = Release;
		};
		5F1CED992D76830300CB57C4 /* Debug */ = {
			isa = XCBuildConfiguration;
			buildSettings = {
				CODE_SIGN_STYLE = Automatic;
				CURRENT_PROJECT_VERSION = 1;
				GENERATE_INFOPLIST_FILE = YES;
				MARKETING_VERSION = 1.0;
				PRODUCT_BUNDLE_IDENTIFIER = darien.DesktopQuotesUITests;
				PRODUCT_NAME = "$(TARGET_NAME)";
				SWIFT_EMIT_LOC_STRINGS = NO;
				SWIFT_VERSION = 5.0;
				TEST_TARGET_NAME = DesktopQuotes;
			};
			name = Debug;
		};
		5F1CED9A2D76830300CB57C4 /* Release */ = {
			isa = XCBuildConfiguration;
			buildSettings = {
				CODE_SIGN_STYLE = Automatic;
				CURRENT_PROJECT_VERSION = 1;
				GENERATE_INFOPLIST_FILE = YES;
				MARKETING_VERSION = 1.0;
				PRODUCT_BUNDLE_IDENTIFIER = darien.DesktopQuotesUITests;
				PRODUCT_NAME = "$(TARGET_NAME)";
				SWIFT_EMIT_LOC_STRINGS = NO;
				SWIFT_VERSION = 5.0;
				TEST_TARGET_NAME = DesktopQuotes;
			};
			name = Release;
		};
/* End XCBuildConfiguration section */

/* Begin XCConfigurationList section */
		5F1CED682D7682FF00CB57C4 /* Build configuration list for PBXProject "DesktopQuotes" */ = {
			isa = XCConfigurationList;
			buildConfigurations = (
				5F1CED902D76830300CB57C4 /* Debug */,
				5F1CED912D76830300CB57C4 /* Release */,
			);
			defaultConfigurationIsVisible = 0;
			defaultConfigurationName = Release;
		};
		5F1CED922D76830300CB57C4 /* Build configuration list for PBXNativeTarget "DesktopQuotes" */ = {
			isa = XCConfigurationList;
			buildConfigurations = (
				5F1CED932D76830300CB57C4 /* Debug */,
				5F1CED942D76830300CB57C4 /* Release */,
			);
			defaultConfigurationIsVisible = 0;
			defaultConfigurationName = Release;
		};
		5F1CED952D76830300CB57C4 /* Build configuration list for PBXNativeTarget "DesktopQuotesTests" */ = {
			isa = XCConfigurationList;
			buildConfigurations = (
				5F1CED962D76830300CB57C4 /* Debug */,
				5F1CED972D76830300CB57C4 /* Release */,
			);
			defaultConfigurationIsVisible = 0;
			defaultConfigurationName = Release;
		};
		5F1CED982D76830300CB57C4 /* Build configuration list for PBXNativeTarget "DesktopQuotesUITests" */ = {
			isa = XCConfigurationList;
			buildConfigurations = (
				5F1CED992D76830300CB57C4 /* Debug */,
				5F1CED9A2D76830300CB57C4 /* Release */,
			);
			defaultConfigurationIsVisible = 0;
			defaultConfigurationName = Release;
		};
/* End XCConfigurationList section */
	};
	rootObject = 5F1CED652D7682FF00CB57C4 /* Project object */;
}
